# THIS IS AN AUTOGENERATED FILE. DO NOT EDIT THIS FILE DIRECTLY.
# yarn lockfile v1


"@types/arangodb@^3.5.0":
  version "3.5.0"
  resolved "https://registry.yarnpkg.com/@types/arangodb/-/arangodb-3.5.0.tgz#2f88e6a66b32c5b019faa5071a06934044f19eac"
  integrity sha512-SqotUzZ1I5tSGW/o7cLsnXLVZwX8eSXLnXQ1tel1jUaSbM/rA2KSxqWIq4ybOq5EmK3OWhgI8lC3Dvw03syaIQ==
  dependencies:
    "@types/graphql" "*"
    "@types/node" "*"

"@types/graphql@*":
  version "14.0.7"
  resolved "https://registry.yarnpkg.com/@types/graphql/-/graphql-14.0.7.tgz#daa09397220a68ce1cbb3f76a315ff3cd92312f6"
  integrity sha512-BoLDjdvLQsXPZLJux3lEZANwGr3Xag56Ngy0U3y8uoRSDdeLcn43H3oBcgZlnd++iOQElBpaRVDHPzEDekyvXQ==

"@types/joi@^14.3.2":
  version "14.3.2"
  resolved "https://registry.yarnpkg.com/@types/joi/-/joi-14.3.2.tgz#eff771f0b19698b8e6e7c6fe6b625e07e2618fe9"
  integrity sha512-riJTpNwDOoRgRrrOjfcjwMBYJLVg8rzwMEAAcZ2JBvdmYWCLIsbzTFXHV517terbYzGmdzkwFYeXUem7eXVNoQ==

"@types/node@*", "@types/node@^11.11.7":
  version "11.11.7"
  resolved "https://registry.yarnpkg.com/@types/node/-/node-11.11.7.tgz#f1c35a906b82adae76ede5ab0d2088e58fa37843"
  integrity sha512-bHbRcyD6XpXVLg42QYaQCjvDXaCFkvb3WbCIxSDmhGbJYVroxvYzekk9QGg1beeIawfvSLkdZpP0h7jxE4ihnA==

hoek@6.x.x:
  version "6.1.3"
  resolved "https://registry.yarnpkg.com/hoek/-/hoek-6.1.3.tgz#73b7d33952e01fe27a38b0457294b79dd8da242c"
  integrity sha512-YXXAAhmF9zpQbC7LEcREFtXfGq5K1fmd+4PHkBq8NUqmzW3G+Dq10bI/i0KucLRwss3YYFQ0fSfoxBZYiGUqtQ==

isemail@3.x.x:
  version "3.2.0"
  resolved "https://registry.yarnpkg.com/isemail/-/isemail-3.2.0.tgz#59310a021931a9fb06bbb51e155ce0b3f236832c"
  integrity sha512-zKqkK+O+dGqevc93KNsbZ/TqTUFd46MwWjYOoMrjIMZ51eU7DtQG3Wmd9SQQT7i7RVnuTPEiYEWHU3MSbxC1Tg==
  dependencies:
    punycode "2.x.x"

joi@^14.3.1:
  version "14.3.1"
  resolved "https://registry.yarnpkg.com/joi/-/joi-14.3.1.tgz#164a262ec0b855466e0c35eea2a885ae8b6c703c"
  integrity sha512-LQDdM+pkOrpAn4Lp+neNIFV3axv1Vna3j38bisbQhETPMANYRbFJFUyOZcOClYvM/hppMhGWuKSFEK9vjrB+bQ==
  dependencies:
    hoek "6.x.x"
    isemail "3.x.x"
    topo "3.x.x"

punycode@2.x.x:
  version "2.1.1"
  resolved "https://registry.yarnpkg.com/punycode/-/punycode-2.1.1.tgz#b58b010ac40c22c5657616c8d2c2c02c7bf479ec"
  integrity sha512-XRsRjdf+j5ml+y/6GKHPZbrF/8p2Yga0JPtdqTIY2Xe5ohJPD9saDJJLPvp9+NSBprVvevdXZybnj2cv8OEd0A==

reflect-metadata@^0.1.13:
  version "0.1.13"
  resolved "https://registry.yarnpkg.com/reflect-metadata/-/reflect-metadata-0.1.13.tgz#67ae3ca57c972a2aa1642b10fe363fe32d49dc08"
  integrity sha512-Ts1Y/anZELhSsjMcU605fU9RE4Oi3p5ORujwbIKXfWa+0Zxs510Qrmrce5/Jowq3cHSZSJqBjypxmHarc+vEWg==

topo@3.x.x:
  version "3.0.3"
  resolved "https://registry.yarnpkg.com/topo/-/topo-3.0.3.tgz#d5a67fb2e69307ebeeb08402ec2a2a6f5f7ad95c"
  integrity sha512-IgpPtvD4kjrJ7CRA3ov2FhWQADwv+Tdqbsf1ZnPUSAtCJ9e1Z44MmoSGDXGk4IppoZA7jd/QRkNddlLJWlUZsQ==
  dependencies:
    hoek "6.x.x"

typescript@^3.3.4000:
  version "3.3.4000"
  resolved "https://registry.yarnpkg.com/typescript/-/typescript-3.3.4000.tgz#76b0f89cfdbf97827e1112d64f283f1151d6adf0"
  integrity sha512-jjOcCZvpkl2+z7JFn0yBOoLQyLoIkNZAs/fYJkUG6VKy6zLPHJGfQJYFHzibB6GJaF/8QrcECtlQ5cpvRHSMEA==
